{
  "name": "terminator-package",
  "version": "0.1.0",
  "lockfileVersion": 3,
  "requires": true,
  "packages": {
    "": {
      "name": "terminator-package",
      "version": "0.1.0",
      "hasInstallScript": true,
      "license": "MIT",
      "dependencies": {
        "terminator-ai": "file:terminator-ai-npx/terminator-ai-0.1.0.tgz"
      },
      "devDependencies": {
        "@types/node": "^22.15.3"
      },
      "engines": {
        "node": ">=20.0.0"
      }
    },
    "node_modules/.pnpm/@types+node@22.19.15": {
      "dev": true
    },
    "node_modules/.pnpm/@types+node@22.19.15/node_modules/@types/node": {
      "version": "22.19.15",
      "dev": true,
      "license": "MIT",
      "dependencies": {
        "undici-types": "~6.21.0"
      }
    },
    "node_modules/.pnpm/@types+node@22.19.15/node_modules/undici-types": {
      "resolved": "node_modules/.pnpm/undici-types@6.21.0/node_modules/undici-types",
      "link": true
    },
    "node_modules/.pnpm/undici-types@6.21.0/node_modules/undici-types": {
      "version": "6.21.0",
      "dev": true,
      "license": "MIT"
    },
    "node_modules/@types/node": {
      "resolved": "node_modules/.pnpm/@types+node@22.19.15/node_modules/@types/node",
      "link": true
    },
    "node_modules/terminator-ai": {
      "version": "0.1.0",
      "resolved": "file:terminator-ai-npx/terminator-ai-0.1.0.tgz",
      "integrity": "sha512-yzWLsWcwyuAmCGjtIfcbP5zqVvOCLdvQJ2DABeKLXSqo5bFLvLE0q57blg5+cnoVFFrwjhq/0VYFojPSdQJUQQ==",
      "license": "MIT",
      "bin": {
        "terminator": "index.js"
      },
      "engines": {
        "node": ">=20.0.0"
      }
    }
  }
}
